// !$*UTF8*$!
{
	archiveVersion = 1;
	classes = {
	};
	objectVersion = 46;
	objects = {

/* Begin PBXBuildFile section */
		D336104E1A589C7D003E39DF /* Sensor.swift in Sources */ = {isa = PBXBuildFile; fileRef = D336104D1A589C7D003E39DF /* Sensor.swift */; };
		D33610501A59AF56003E39DF /* SensorManager.swift in Sources */ = {isa = PBXBuildFile; fileRef = D336104F1A59AF56003E39DF /* SensorManager.swift */; };
		D39C0AD11A5CDDC500969585 /* SensorLog.swift in Sources */ = {isa = PBXBuildFile; fileRef = D39C0AD01A5CDDC500969585 /* SensorLog.swift */; };
		D3DA83151A54AFF00070E792 /* AppDelegate.swift in Sources */ = {isa = PBXBuildFile; fileRef = D3DA83141A54AFF00070E792 /* AppDelegate.swift */; };
		D3DA83171A54AFF00070E792 /* BaseControllers.swift in Sources */ = {isa = PBXBuildFile; fileRef = D3DA83161A54AFF00070E792 /* BaseControllers.swift */; };
		D3DA831C1A54AFF00070E792 /* Images.xcassets in Resources */ = {isa = PBXBuildFile; fileRef = D3DA831B1A54AFF00070E792 /* Images.xcassets */; };
		D3DA831F1A54AFF00070E792 /* LaunchScreen.xib in Resources */ = {isa = PBXBuildFile; fileRef = D3DA831D1A54AFF00070E792 /* LaunchScreen.xib */; };
		D3DA832B1A54AFF00070E792 /* CyclometerTests.swift in Sources */ = {isa = PBXBuildFile; fileRef = D3DA832A1A54AFF00070E792 /* CyclometerTests.swift */; };
		D3F7F91B1A6C1B1A00DA3FC0 /* UIKitExtensions.swift in Sources */ = {isa = PBXBuildFile; fileRef = D3F7F91A1A6C1B1A00DA3FC0 /* UIKitExtensions.swift */; };
		D3FDEFCB1A6176E9006D3840 /* Cyclometer.storyboard in Resources */ = {isa = PBXBuildFile; fileRef = D3FDEFC91A6176E9006D3840 /* Cyclometer.storyboard */; };
		D3FDEFCD1A633890006D3840 /* Ride.swift in Sources */ = {isa = PBXBuildFile; fileRef = D3FDEFCC1A633890006D3840 /* Ride.swift */; };
		D3FDEFD01A6342B4006D3840 /* Model.xcdatamodeld in Sources */ = {isa = PBXBuildFile; fileRef = D3FDEFCE1A6342B4006D3840 /* Model.xcdatamodeld */; };
		D3FDEFD21A654FA7006D3840 /* CylSettingsDeviceInfoCell.xib in Resources */ = {isa = PBXBuildFile; fileRef = D3FDEFD11A654FA7006D3840 /* CylSettingsDeviceInfoCell.xib */; };
		D3FDEFD41A6608C4006D3840 /* CycSettingsDeviceInfoCell.swift in Sources */ = {isa = PBXBuildFile; fileRef = D3FDEFD31A6608C4006D3840 /* CycSettingsDeviceInfoCell.swift */; };
		D3FDF0001A6A0C46006D3840 /* CylDashboardController.swift in Sources */ = {isa = PBXBuildFile; fileRef = D3FDEFFF1A6A0C46006D3840 /* CylDashboardController.swift */; };
/* End PBXBuildFile section */

/* Begin PBXContainerItemProxy section */
		D3DA83251A54AFF00070E792 /* PBXContainerItemProxy */ = {
			isa = PBXContainerItemProxy;
			containerPortal = D3DA83071A54AFF00070E792 /* Project object */;
			proxyType = 1;
			remoteGlobalIDString = D3DA830E1A54AFF00070E792;
			remoteInfo = Cyclometer;
		};
		D3F7F91F1A6CB95900DA3FC0 /* PBXContainerItemProxy */ = {
			isa = PBXContainerItemProxy;
			containerPortal = D3DA83071A54AFF00070E792 /* Project object */;
			proxyType = 1;
			remoteGlobalIDString = D3FDEFDA1A66A291006D3840;
			remoteInfo = DashboardViews;
		};
		D3FDEFE91A66A291006D3840 /* PBXContainerItemProxy */ = {
			isa = PBXContainerItemProxy;
			containerPortal = D3DA83071A54AFF00070E792 /* Project object */;
			proxyType = 1;
			remoteGlobalIDString = D3DA830E1A54AFF00070E792;
			remoteInfo = Cyclometer;
		};
/* End PBXContainerItemProxy section */

/* Begin PBXCopyFilesBuildPhase section */
		D3FDEFF71A66A291006D3840 /* Embed Frameworks */ = {
			isa = PBXCopyFilesBuildPhase;
			buildActionMask = 2147483647;
			dstPath = "";
			dstSubfolderSpec = 10;
			files = (
			);
			name = "Embed Frameworks";
			runOnlyForDeploymentPostprocessing = 0;
		};
/* End PBXCopyFilesBuildPhase section */

/* Begin PBXFileReference section */
		D336104D1A589C7D003E39DF /* Sensor.swift */ = {isa = PBXFileReference; fileEncoding = 4; lastKnownFileType = sourcecode.swift; path = Sensor.swift; sourceTree = "<group>"; };
		D336104F1A59AF56003E39DF /* SensorManager.swift */ = {isa = PBXFileReference; fileEncoding = 4; lastKnownFileType = sourcecode.swift; path = SensorManager.swift; sourceTree = "<group>"; };
		D39C0AD01A5CDDC500969585 /* SensorLog.swift */ = {isa = PBXFileReference; fileEncoding = 4; lastKnownFileType = sourcecode.swift; path = SensorLog.swift; sourceTree = "<group>"; };
		D3DA830F1A54AFF00070E792 /* Cyclometer.app */ = {isa = PBXFileReference; explicitFileType = wrapper.application; includeInIndex = 0; path = Cyclometer.app; sourceTree = BUILT_PRODUCTS_DIR; };
		D3DA83131A54AFF00070E792 /* Info.plist */ = {isa = PBXFileReference; lastKnownFileType = text.plist.xml; path = Info.plist; sourceTree = "<group>"; };
		D3DA83141A54AFF00070E792 /* AppDelegate.swift */ = {isa = PBXFileReference; lastKnownFileType = sourcecode.swift; path = AppDelegate.swift; sourceTree = "<group>"; };
		D3DA83161A54AFF00070E792 /* BaseControllers.swift */ = {isa = PBXFileReference; lastKnownFileType = sourcecode.swift; path = BaseControllers.swift; sourceTree = "<group>"; };
		D3DA831B1A54AFF00070E792 /* Images.xcassets */ = {isa = PBXFileReference; lastKnownFileType = folder.assetcatalog; path = Images.xcassets; sourceTree = "<group>"; };
		D3DA831E1A54AFF00070E792 /* Base */ = {isa = PBXFileReference; lastKnownFileType = file.xib; name = Base; path = Base.lproj/LaunchScreen.xib; sourceTree = "<group>"; };
		D3DA83241A54AFF00070E792 /* CyclometerTests.xctest */ = {isa = PBXFileReference; explicitFileType = wrapper.cfbundle; includeInIndex = 0; path = CyclometerTests.xctest; sourceTree = BUILT_PRODUCTS_DIR; };
		D3DA83291A54AFF00070E792 /* Info.plist */ = {isa = PBXFileReference; lastKnownFileType = text.plist.xml; path = Info.plist; sourceTree = "<group>"; };
		D3DA832A1A54AFF00070E792 /* CyclometerTests.swift */ = {isa = PBXFileReference; lastKnownFileType = sourcecode.swift; path = CyclometerTests.swift; sourceTree = "<group>"; };
		D3F7F91A1A6C1B1A00DA3FC0 /* UIKitExtensions.swift */ = {isa = PBXFileReference; fileEncoding = 4; lastKnownFileType = sourcecode.swift; path = UIKitExtensions.swift; sourceTree = "<group>"; };
		D3FDEFCA1A6176E9006D3840 /* Base */ = {isa = PBXFileReference; lastKnownFileType = file.storyboard; name = Base; path = Cyclometer/Base.lproj/Cyclometer.storyboard; sourceTree = "<group>"; };
		D3FDEFCC1A633890006D3840 /* Ride.swift */ = {isa = PBXFileReference; fileEncoding = 4; lastKnownFileType = sourcecode.swift; path = Ride.swift; sourceTree = "<group>"; };
		D3FDEFCF1A6342B4006D3840 /* Model.xcdatamodel */ = {isa = PBXFileReference; lastKnownFileType = wrapper.xcdatamodel; path = Model.xcdatamodel; sourceTree = "<group>"; };
		D3FDEFD11A654FA7006D3840 /* CylSettingsDeviceInfoCell.xib */ = {isa = PBXFileReference; fileEncoding = 4; lastKnownFileType = file.xib; path = CylSettingsDeviceInfoCell.xib; sourceTree = "<group>"; };
		D3FDEFD31A6608C4006D3840 /* CycSettingsDeviceInfoCell.swift */ = {isa = PBXFileReference; fileEncoding = 4; lastKnownFileType = sourcecode.swift; path = CycSettingsDeviceInfoCell.swift; sourceTree = "<group>"; };
		D3FDEFFF1A6A0C46006D3840 /* CylDashboardController.swift */ = {isa = PBXFileReference; fileEncoding = 4; lastKnownFileType = sourcecode.swift; path = CylDashboardController.swift; sourceTree = "<group>"; };
/* End PBXFileReference section */

/* Begin PBXFrameworksBuildPhase section */
		D3DA830C1A54AFF00070E792 /* Frameworks */ = {
			isa = PBXFrameworksBuildPhase;
			buildActionMask = 2147483647;
			files = (
			);
			runOnlyForDeploymentPostprocessing = 0;
		};
		D3DA83211A54AFF00070E792 /* Frameworks */ = {
			isa = PBXFrameworksBuildPhase;
			buildActionMask = 2147483647;
			files = (
			);
			runOnlyForDeploymentPostprocessing = 0;
		};
		D3FDEFD71A66A291006D3840 /* Frameworks */ = {
			isa = PBXFrameworksBuildPhase;
			buildActionMask = 2147483647;
			files = (
			);
			runOnlyForDeploymentPostprocessing = 0;
		};
		D3FDEFE21A66A291006D3840 /* Frameworks */ = {
			isa = PBXFrameworksBuildPhase;
			buildActionMask = 2147483647;
			files = (
			);
			runOnlyForDeploymentPostprocessing = 0;
		};
/* End PBXFrameworksBuildPhase section */

/* Begin PBXGroup section */
		D33610511A59AF65003E39DF /* Sensors */ = {
			isa = PBXGroup;
			children = (
				D336104D1A589C7D003E39DF /* Sensor.swift */,
				D336104F1A59AF56003E39DF /* SensorManager.swift */,
				D39C0AD01A5CDDC500969585 /* SensorLog.swift */,
			);
			name = Sensors;
			sourceTree = "<group>";
		};
		D3DA83061A54AFF00070E792 = {
			isa = PBXGroup;
			children = (
				D3F7F9191A6C1AF900DA3FC0 /* Extensions */,
				D3DA83111A54AFF00070E792 /* Cyclometer */,
				D3DA83271A54AFF00070E792 /* CyclometerTests */,
				D3DA83101A54AFF00070E792 /* Products */,
			);
			sourceTree = "<group>";
		};
		D3DA83101A54AFF00070E792 /* Products */ = {
			isa = PBXGroup;
			children = (
				D3DA830F1A54AFF00070E792 /* Cyclometer.app */,
				D3DA83241A54AFF00070E792 /* CyclometerTests.xctest */,
			);
			name = Products;
			sourceTree = "<group>";
		};
		D3DA83111A54AFF00070E792 /* Cyclometer */ = {
			isa = PBXGroup;
			children = (
				D3DA83141A54AFF00070E792 /* AppDelegate.swift */,
				D3FDEFCC1A633890006D3840 /* Ride.swift */,
				D3FDEFC91A6176E9006D3840 /* Cyclometer.storyboard */,
				D3DA83161A54AFF00070E792 /* BaseControllers.swift */,
				D3F7F91E1A6CA2C400DA3FC0 /* CardViews */,
				D3DA831B1A54AFF00070E792 /* Images.xcassets */,
				D3FDEFCE1A6342B4006D3840 /* Model.xcdatamodeld */,
				D3DA831D1A54AFF00070E792 /* LaunchScreen.xib */,
				D3FDEFD51A66A207006D3840 /* CellsAndOddments */,
				D3DA83121A54AFF00070E792 /* Supporting Files */,
				D33610511A59AF65003E39DF /* Sensors */,
				D3FDEFFF1A6A0C46006D3840 /* CylDashboardController.swift */,
			);
			path = Cyclometer;
			sourceTree = "<group>";
		};
		D3DA83121A54AFF00070E792 /* Supporting Files */ = {
			isa = PBXGroup;
			children = (
				D3DA83131A54AFF00070E792 /* Info.plist */,
			);
			name = "Supporting Files";
			sourceTree = "<group>";
		};
		D3DA83271A54AFF00070E792 /* CyclometerTests */ = {
			isa = PBXGroup;
			children = (
				D3DA832A1A54AFF00070E792 /* CyclometerTests.swift */,
				D3DA83281A54AFF00070E792 /* Supporting Files */,
			);
			path = CyclometerTests;
			sourceTree = "<group>";
		};
		D3DA83281A54AFF00070E792 /* Supporting Files */ = {
			isa = PBXGroup;
			children = (
				D3DA83291A54AFF00070E792 /* Info.plist */,
			);
			name = "Supporting Files";
			sourceTree = "<group>";
		};
		D3F7F9191A6C1AF900DA3FC0 /* Extensions */ = {
			isa = PBXGroup;
			children = (
				D3F7F91A1A6C1B1A00DA3FC0 /* UIKitExtensions.swift */,
			);
			name = Extensions;
			sourceTree = "<group>";
		};
		D3F7F91E1A6CA2C400DA3FC0 /* CardViews */ = {
			isa = PBXGroup;
			children = (
			);
			name = CardViews;
			sourceTree = "<group>";
		};
		D3FDEFD51A66A207006D3840 /* CellsAndOddments */ = {
			isa = PBXGroup;
			children = (
				D3FDEFD11A654FA7006D3840 /* CylSettingsDeviceInfoCell.xib */,
				D3FDEFD31A6608C4006D3840 /* CycSettingsDeviceInfoCell.swift */,
			);
			name = CellsAndOddments;
			sourceTree = "<group>";
		};
/* End PBXGroup section */

/* Begin PBXHeadersBuildPhase section */
		D3FDEFD81A66A291006D3840 /* Headers */ = {
			isa = PBXHeadersBuildPhase;
			buildActionMask = 2147483647;
			files = (
			);
			runOnlyForDeploymentPostprocessing = 0;
		};
/* End PBXHeadersBuildPhase section */

/* Begin PBXNativeTarget section */
		D3DA830E1A54AFF00070E792 /* Cyclometer */ = {
			isa = PBXNativeTarget;
			buildConfigurationList = D3DA832E1A54AFF00070E792 /* Build configuration list for PBXNativeTarget "Cyclometer" */;
			buildPhases = (
				D3DA830B1A54AFF00070E792 /* Sources */,
				D3DA830C1A54AFF00070E792 /* Frameworks */,
				D3DA830D1A54AFF00070E792 /* Resources */,
				D3FDEFF71A66A291006D3840 /* Embed Frameworks */,
			);
			buildRules = (
			);
			dependencies = (
			);
			name = Cyclometer;
			productName = Cyclometer;
			productReference = D3DA830F1A54AFF00070E792 /* Cyclometer.app */;
			productType = "com.apple.product-type.application";
		};
		D3DA83231A54AFF00070E792 /* CyclometerTests */ = {
			isa = PBXNativeTarget;
			buildConfigurationList = D3DA83311A54AFF00070E792 /* Build configuration list for PBXNativeTarget "CyclometerTests" */;
			buildPhases = (
				D3DA83201A54AFF00070E792 /* Sources */,
				D3DA83211A54AFF00070E792 /* Frameworks */,
				D3DA83221A54AFF00070E792 /* Resources */,
			);
			buildRules = (
			);
			dependencies = (
				D3DA83261A54AFF00070E792 /* PBXTargetDependency */,
			);
			name = CyclometerTests;
			productName = CyclometerTests;
			productReference = D3DA83241A54AFF00070E792 /* CyclometerTests.xctest */;
			productType = "com.apple.product-type.bundle.unit-test";
		};
		D3FDEFDA1A66A291006D3840 /* DashboardViews */ = {
			isa = PBXNativeTarget;
			buildConfigurationList = D3FDEFF41A66A291006D3840 /* Build configuration list for PBXNativeTarget "DashboardViews" */;
			buildPhases = (
				D3FDEFD61A66A291006D3840 /* Sources */,
				D3FDEFD71A66A291006D3840 /* Frameworks */,
				D3FDEFD81A66A291006D3840 /* Headers */,
				D3FDEFD91A66A291006D3840 /* Resources */,
			);
			buildRules = (
			);
			dependencies = (
			);
			name = DashboardViews;
			productName = DashboardViews;
			productType = "com.apple.product-type.framework";
		};
		D3FDEFE41A66A291006D3840 /* DashboardViewsTests */ = {
			isa = PBXNativeTarget;
			buildConfigurationList = D3FDEFF81A66A291006D3840 /* Build configuration list for PBXNativeTarget "DashboardViewsTests" */;
			buildPhases = (
				D3FDEFE11A66A291006D3840 /* Sources */,
				D3FDEFE21A66A291006D3840 /* Frameworks */,
				D3FDEFE31A66A291006D3840 /* Resources */,
			);
			buildRules = (
			);
			dependencies = (
				D3FDEFE81A66A291006D3840 /* PBXTargetDependency */,
				D3FDEFEA1A66A291006D3840 /* PBXTargetDependency */,
			);
			name = DashboardViewsTests;
			productName = DashboardViewsTests;
			productType = "com.apple.product-type.bundle.unit-test";
		};
/* End PBXNativeTarget section */

/* Begin PBXProject section */
		D3DA83071A54AFF00070E792 /* Project object */ = {
			isa = PBXProject;
			attributes = {
				LastUpgradeCheck = 0620;
				ORGANIZATIONNAME = "Brian Glaeske";
				TargetAttributes = {
					D3DA830E1A54AFF00070E792 = {
						CreatedOnToolsVersion = 6.2;
						SystemCapabilities = {
							com.apple.BackgroundModes = {
								enabled = 0;
							};
						};
					};
					D3DA83231A54AFF00070E792 = {
						CreatedOnToolsVersion = 6.2;
						TestTargetID = D3DA830E1A54AFF00070E792;
					};
					D3FDEFDA1A66A291006D3840 = {
						CreatedOnToolsVersion = 6.2;
					};
					D3FDEFE41A66A291006D3840 = {
						CreatedOnToolsVersion = 6.2;
						TestTargetID = D3DA830E1A54AFF00070E792;
					};
				};
			};
			buildConfigurationList = D3DA830A1A54AFF00070E792 /* Build configuration list for PBXProject "Cyclometer" */;
			compatibilityVersion = "Xcode 3.2";
			developmentRegion = English;
			hasScannedForEncodings = 0;
			knownRegions = (
				en,
				Base,
			);
			mainGroup = D3DA83061A54AFF00070E792;
			productRefGroup = D3DA83101A54AFF00070E792 /* Products */;
			projectDirPath = "";
			projectRoot = "";
			targets = (
				D3DA830E1A54AFF00070E792 /* Cyclometer */,
				D3DA83231A54AFF00070E792 /* CyclometerTests */,
				D3FDEFDA1A66A291006D3840 /* DashboardViews */,
				D3FDEFE41A66A291006D3840 /* DashboardViewsTests */,
			);
		};
/* End PBXProject section */

/* Begin PBXResourcesBuildPhase section */
		D3DA830D1A54AFF00070E792 /* Resources */ = {
			isa = PBXResourcesBuildPhase;
			buildActionMask = 2147483647;
			files = (
				D3DA831F1A54AFF00070E792 /* LaunchScreen.xib in Resources */,
				D3FDEFD21A654FA7006D3840 /* CylSettingsDeviceInfoCell.xib in Resources */,
				D3DA831C1A54AFF00070E792 /* Images.xcassets in Resources */,
				D3FDEFCB1A6176E9006D3840 /* Cyclometer.storyboard in Resources */,
			);
			runOnlyForDeploymentPostprocessing = 0;
		};
		D3DA83221A54AFF00070E792 /* Resources */ = {
			isa = PBXResourcesBuildPhase;
			buildActionMask = 2147483647;
			files = (
			);
			runOnlyForDeploymentPostprocessing = 0;
		};
		D3FDEFD91A66A291006D3840 /* Resources */ = {
			isa = PBXResourcesBuildPhase;
			buildActionMask = 2147483647;
			files = (
			);
			runOnlyForDeploymentPostprocessing = 0;
		};
		D3FDEFE31A66A291006D3840 /* Resources */ = {
			isa = PBXResourcesBuildPhase;
			buildActionMask = 2147483647;
			files = (
			);
			runOnlyForDeploymentPostprocessing = 0;
		};
/* End PBXResourcesBuildPhase section */

/* Begin PBXSourcesBuildPhase section */
		D3DA830B1A54AFF00070E792 /* Sources */ = {
			isa = PBXSourcesBuildPhase;
			buildActionMask = 2147483647;
			files = (
				D39C0AD11A5CDDC500969585 /* SensorLog.swift in Sources */,
				D3FDF0001A6A0C46006D3840 /* CylDashboardController.swift in Sources */,
				D3DA83171A54AFF00070E792 /* BaseControllers.swift in Sources */,
				D336104E1A589C7D003E39DF /* Sensor.swift in Sources */,
				D3F7F91B1A6C1B1A00DA3FC0 /* UIKitExtensions.swift in Sources */,
				D3FDEFD01A6342B4006D3840 /* Model.xcdatamodeld in Sources */,
				D3FDEFD41A6608C4006D3840 /* CycSettingsDeviceInfoCell.swift in Sources */,
				D33610501A59AF56003E39DF /* SensorManager.swift in Sources */,
				D3DA83151A54AFF00070E792 /* AppDelegate.swift in Sources */,
				D3FDEFCD1A633890006D3840 /* Ride.swift in Sources */,
			);
			runOnlyForDeploymentPostprocessing = 0;
		};
		D3DA83201A54AFF00070E792 /* Sources */ = {
			isa = PBXSourcesBuildPhase;
			buildActionMask = 2147483647;
			files = (
				D3DA832B1A54AFF00070E792 /* CyclometerTests.swift in Sources */,
			);
			runOnlyForDeploymentPostprocessing = 0;
		};
		D3FDEFD61A66A291006D3840 /* Sources */ = {
			isa = PBXSourcesBuildPhase;
			buildActionMask = 2147483647;
			files = (
			);
			runOnlyForDeploymentPostprocessing = 0;
		};
		D3FDEFE11A66A291006D3840 /* Sources */ = {
			isa = PBXSourcesBuildPhase;
			buildActionMask = 2147483647;
			files = (
			);
			runOnlyForDeploymentPostprocessing = 0;
		};
/* End PBXSourcesBuildPhase section */

/* Begin PBXTargetDependency section */
		D3DA83261A54AFF00070E792 /* PBXTargetDependency */ = {
			isa = PBXTargetDependency;
			target = D3DA830E1A54AFF00070E792 /* Cyclometer */;
			targetProxy = D3DA83251A54AFF00070E792 /* PBXContainerItemProxy */;
		};
		D3FDEFE81A66A291006D3840 /* PBXTargetDependency */ = {
			isa = PBXTargetDependency;
			target = D3FDEFDA1A66A291006D3840 /* DashboardViews */;
			targetProxy = D3F7F91F1A6CB95900DA3FC0 /* PBXContainerItemProxy */;
		};
		D3FDEFEA1A66A291006D3840 /* PBXTargetDependency */ = {
			isa = PBXTargetDependency;
			target = D3DA830E1A54AFF00070E792 /* Cyclometer */;
			targetProxy = D3FDEFE91A66A291006D3840 /* PBXContainerItemProxy */;
		};
/* End PBXTargetDependency section */

/* Begin PBXVariantGroup section */
		D3DA831D1A54AFF00070E792 /* LaunchScreen.xib */ = {
			isa = PBXVariantGroup;
			children = (
				D3DA831E1A54AFF00070E792 /* Base */,
			);
			name = LaunchScreen.xib;
			sourceTree = "<group>";
		};
		D3FDEFC91A6176E9006D3840 /* Cyclometer.storyboard */ = {
			isa = PBXVariantGroup;
			children = (
				D3FDEFCA1A6176E9006D3840 /* Base */,
			);
			name = Cyclometer.storyboard;
			path = ..;
			sourceTree = "<group>";
		};
/* End PBXVariantGroup section */

/* Begin XCBuildConfiguration section */
		D3DA832C1A54AFF00070E792 /* Debug */ = {
			isa = XCBuildConfiguration;
			buildSettings = {
				ALWAYS_SEARCH_USER_PATHS = NO;
				CLANG_CXX_LANGUAGE_STANDARD = "gnu++0x";
				CLANG_CXX_LIBRARY = "libc++";
				CLANG_ENABLE_MODULES = YES;
				CLANG_ENABLE_OBJC_ARC = YES;
				CLANG_WARN_BOOL_CONVERSION = YES;
				CLANG_WARN_CONSTANT_CONVERSION = YES;
				CLANG_WARN_DIRECT_OBJC_ISA_USAGE = YES_ERROR;
				CLANG_WARN_EMPTY_BODY = YES;
				CLANG_WARN_ENUM_CONVERSION = YES;
				CLANG_WARN_INT_CONVERSION = YES;
				CLANG_WARN_OBJC_ROOT_CLASS = YES_ERROR;
				CLANG_WARN_UNREACHABLE_CODE = YES;
				CLANG_WARN__DUPLICATE_METHOD_MATCH = YES;
				"CODE_SIGN_IDENTITY[sdk=iphoneos*]" = "iPhone Developer";
				COPY_PHASE_STRIP = NO;
				ENABLE_STRICT_OBJC_MSGSEND = YES;
				GCC_C_LANGUAGE_STANDARD = gnu99;
				GCC_DYNAMIC_NO_PIC = NO;
				GCC_OPTIMIZATION_LEVEL = 0;
				GCC_PREPROCESSOR_DEFINITIONS = (
					"DEBUG=1",
					"$(inherited)",
				);
				GCC_SYMBOLS_PRIVATE_EXTERN = NO;
				GCC_WARN_64_TO_32_BIT_CONVERSION = YES;
				GCC_WARN_ABOUT_RETURN_TYPE = YES_ERROR;
				GCC_WARN_UNDECLARED_SELECTOR = YES;
				GCC_WARN_UNINITIALIZED_AUTOS = YES_AGGRESSIVE;
				GCC_WARN_UNUSED_FUNCTION = YES;
				GCC_WARN_UNUSED_VARIABLE = YES;
				IPHONEOS_DEPLOYMENT_TARGET = 8.2;
				MTL_ENABLE_DEBUG_INFO = YES;
				ONLY_ACTIVE_ARCH = YES;
				SDKROOT = iphoneos;
				SWIFT_OPTIMIZATION_LEVEL = "-Onone";
			};
			name = Debug;
		};
		D3DA832D1A54AFF00070E792 /* Release */ = {
			isa = XCBuildConfiguration;
			buildSettings = {
				ALWAYS_SEARCH_USER_PATHS = NO;
				CLANG_CXX_LANGUAGE_STANDARD = "gnu++0x";
				CLANG_CXX_LIBRARY = "libc++";
				CLANG_ENABLE_MODULES = YES;
				CLANG_ENABLE_OBJC_ARC = YES;
				CLANG_WARN_BOOL_CONVERSION = YES;
				CLANG_WARN_CONSTANT_CONVERSION = YES;
				CLANG_WARN_DIRECT_OBJC_ISA_USAGE = YES_ERROR;
				CLANG_WARN_EMPTY_BODY = YES;
				CLANG_WARN_ENUM_CONVERSION = YES;
				CLANG_WARN_INT_CONVERSION = YES;
				CLANG_WARN_OBJC_ROOT_CLASS = YES_ERROR;
				CLANG_WARN_UNREACHABLE_CODE = YES;
				CLANG_WARN__DUPLICATE_METHOD_MATCH = YES;
				"CODE_SIGN_IDENTITY[sdk=iphoneos*]" = "iPhone Developer";
				COPY_PHASE_STRIP = YES;
				ENABLE_NS_ASSERTIONS = NO;
				ENABLE_STRICT_OBJC_MSGSEND = YES;
				GCC_C_LANGUAGE_STANDARD = gnu99;
				GCC_WARN_64_TO_32_BIT_CONVERSION = YES;
				GCC_WARN_ABOUT_RETURN_TYPE = YES_ERROR;
				GCC_WARN_UNDECLARED_SELECTOR = YES;
				GCC_WARN_UNINITIALIZED_AUTOS = YES_AGGRESSIVE;
				GCC_WARN_UNUSED_FUNCTION = YES;
				GCC_WARN_UNUSED_VARIABLE = YES;
				IPHONEOS_DEPLOYMENT_TARGET = 8.2;
				MTL_ENABLE_DEBUG_INFO = NO;
				SDKROOT = iphoneos;
				VALIDATE_PRODUCT = YES;
			};
			name = Release;
		};
		D3DA832F1A54AFF00070E792 /* Debug */ = {
			isa = XCBuildConfiguration;
			buildSettings = {
				ASSETCATALOG_COMPILER_APPICON_NAME = AppIcon;
				INFOPLIST_FILE = Cyclometer/Info.plist;
				LD_RUNPATH_SEARCH_PATHS = "$(inherited) @executable_path/Frameworks";
				PRODUCT_NAME = "$(TARGET_NAME)";
			};
			name = Debug;
		};
		D3DA83301A54AFF00070E792 /* Release */ = {
			isa = XCBuildConfiguration;
			buildSettings = {
				ASSETCATALOG_COMPILER_APPICON_NAME = AppIcon;
				INFOPLIST_FILE = Cyclometer/Info.plist;
				LD_RUNPATH_SEARCH_PATHS = "$(inherited) @executable_path/Frameworks";
				PRODUCT_NAME = "$(TARGET_NAME)";
			};
			name = Release;
		};
		D3DA83321A54AFF00070E792 /* Debug */ = {
			isa = XCBuildConfiguration;
			buildSettings = {
				BUNDLE_LOADER = "$(TEST_HOST)";
				FRAMEWORK_SEARCH_PATHS = (
					"$(SDKROOT)/Developer/Library/Frameworks",
					"$(inherited)",
				);
				GCC_PREPROCESSOR_DEFINITIONS = (
					"DEBUG=1",
					"$(inherited)",
				);
				INFOPLIST_FILE = CyclometerTests/Info.plist;
				LD_RUNPATH_SEARCH_PATHS = "$(inherited) @executable_path/Frameworks @loader_path/Frameworks";
				PRODUCT_NAME = "$(TARGET_NAME)";
				TEST_HOST = "$(BUILT_PRODUCTS_DIR)/Cyclometer.app/Cyclometer";
			};
			name = Debug;
		};
		D3DA83331A54AFF00070E792 /* Release */ = {
			isa = XCBuildConfiguration;
			buildSettings = {
				BUNDLE_LOADER = "$(TEST_HOST)";
				FRAMEWORK_SEARCH_PATHS = (
					"$(SDKROOT)/Developer/Library/Frameworks",
					"$(inherited)",
				);
				INFOPLIST_FILE = CyclometerTests/Info.plist;
				LD_RUNPATH_SEARCH_PATHS = "$(inherited) @executable_path/Frameworks @loader_path/Frameworks";
				PRODUCT_NAME = "$(TARGET_NAME)";
				TEST_HOST = "$(BUILT_PRODUCTS_DIR)/Cyclometer.app/Cyclometer";
			};
			name = Release;
		};
		D3FDEFF51A66A291006D3840 /* Debug */ = {
			isa = XCBuildConfiguration;
			buildSettings = {
				CLANG_ENABLE_MODULES = YES;
				CURRENT_PROJECT_VERSION = 1;
				DEFINES_MODULE = YES;
				DYLIB_COMPATIBILITY_VERSION = 1;
				DYLIB_CURRENT_VERSION = 1;
				DYLIB_INSTALL_NAME_BASE = "@rpath";
				GCC_PREPROCESSOR_DEFINITIONS = (
					"DEBUG=1",
					"$(inherited)",
				);
				INFOPLIST_FILE = DashboardViews/Info.plist;
				INSTALL_PATH = "$(LOCAL_LIBRARY_DIR)/Frameworks";
				LD_RUNPATH_SEARCH_PATHS = "$(inherited) @executable_path/Frameworks @loader_path/Frameworks";
				PRODUCT_NAME = "$(TARGET_NAME)";
				SKIP_INSTALL = YES;
				SWIFT_OPTIMIZATION_LEVEL = "-Onone";
				TARGETED_DEVICE_FAMILY = "1,2";
				VERSIONING_SYSTEM = "apple-generic";
				VERSION_INFO_PREFIX = "";
			};
			name = Debug;
		};
		D3FDEFF61A66A291006D3840 /* Release */ = {
			isa = XCBuildConfiguration;
			buildSettings = {
				CLANG_ENABLE_MODULES = YES;
				CURRENT_PROJECT_VERSION = 1;
				DEFINES_MODULE = YES;
				DYLIB_COMPATIBILITY_VERSION = 1;
				DYLIB_CURRENT_VERSION = 1;
				DYLIB_INSTALL_NAME_BASE = "@rpath";
				INFOPLIST_FILE = DashboardViews/Info.plist;
				INSTALL_PATH = "$(LOCAL_LIBRARY_DIR)/Frameworks";
				LD_RUNPATH_SEARCH_PATHS = "$(inherited) @executable_path/Frameworks @loader_path/Frameworks";
				PRODUCT_NAME = "$(TARGET_NAME)";
				SKIP_INSTALL = YES;
				TARGETED_DEVICE_FAMILY = "1,2";
				VERSIONING_SYSTEM = "apple-generic";
				VERSION_INFO_PREFIX = "";
			};
			name = Release;
		};
		D3FDEFF91A66A291006D3840 /* Debug */ = {
			isa = XCBuildConfiguration;
			buildSettings = {
				FRAMEWORK_SEARCH_PATHS = (
					"$(SDKROOT)/Developer/Library/Frameworks",
					"$(inherited)",
				);
				GCC_PREPROCESSOR_DEFINITIONS = (
					"DEBUG=1",
					"$(inherited)",
				);
				INFOPLIST_FILE = DashboardViewsTests/Info.plist;
				LD_RUNPATH_SEARCH_PATHS = "$(inherited) @executable_path/Frameworks @loader_path/Frameworks";
				PRODUCT_NAME = "$(TARGET_NAME)";
				TEST_HOST = "$(BUILT_PRODUCTS_DIR)/Cyclometer.app/Cyclometer";
			};
			name = Debug;
		};
		D3FDEFFA1A66A291006D3840 /* Release */ = {
			isa = XCBuildConfiguration;
			buildSettings = {
				FRAMEWORK_SEARCH_PATHS = (
					"$(SDKROOT)/Developer/Library/Frameworks",
					"$(inherited)",
				);
				INFOPLIST_FILE = DashboardViewsTests/Info.plist;
				LD_RUNPATH_SEARCH_PATHS = "$(inherited) @executable_path/Frameworks @loader_path/Frameworks";
				PRODUCT_NAME = "$(TARGET_NAME)";
				TEST_HOST = "$(BUILT_PRODUCTS_DIR)/Cyclometer.app/Cyclometer";
			};
			name = Release;
		};
/* End XCBuildConfiguration section */

/* Begin XCConfigurationList section */
		D3DA830A1A54AFF00070E792 /* Build configuration list for PBXProject "Cyclometer" */ = {
			isa = XCConfigurationList;
			buildConfigurations = (
				D3DA832C1A54AFF00070E792 /* Debug */,
				D3DA832D1A54AFF00070E792 /* Release */,
			);
			defaultConfigurationIsVisible = 0;
			defaultConfigurationName = Release;
		};
		D3DA832E1A54AFF00070E792 /* Build configuration list for PBXNativeTarget "Cyclometer" */ = {
			isa = XCConfigurationList;
			buildConfigurations = (
				D3DA832F1A54AFF00070E792 /* Debug */,
				D3DA83301A54AFF00070E792 /* Release */,
			);
			defaultConfigurationIsVisible = 0;
			defaultConfigurationName = Release;
		};
		D3DA83311A54AFF00070E792 /* Build configuration list for PBXNativeTarget "CyclometerTests" */ = {
			isa = XCConfigurationList;
			buildConfigurations = (
				D3DA83321A54AFF00070E792 /* Debug */,
				D3DA83331A54AFF00070E792 /* Release */,
			);
			defaultConfigurationIsVisible = 0;
			defaultConfigurationName = Release;
		};
		D3FDEFF41A66A291006D3840 /* Build configuration list for PBXNativeTarget "DashboardViews" */ = {
			isa = XCConfigurationList;
			buildConfigurations = (
				D3FDEFF51A66A291006D3840 /* Debug */,
				D3FDEFF61A66A291006D3840 /* Release */,
			);
			defaultConfigurationIsVisible = 0;
			defaultConfigurationName = Release;
		};
		D3FDEFF81A66A291006D3840 /* Build configuration list for PBXNativeTarget "DashboardViewsTests" */ = {
			isa = XCConfigurationList;
			buildConfigurations = (
				D3FDEFF91A66A291006D3840 /* Debug */,
				D3FDEFFA1A66A291006D3840 /* Release */,
			);
			defaultConfigurationIsVisible = 0;
			defaultConfigurationName = Release;
		};
/* End XCConfigurationList section */

/* Begin XCVersionGroup section */
		D3FDEFCE1A6342B4006D3840 /* Model.xcdatamodeld */ = {
			isa = XCVersionGroup;
			children = (
				D3FDEFCF1A6342B4006D3840 /* Model.xcdatamodel */,
			);
			currentVersion = D3FDEFCF1A6342B4006D3840 /* Model.xcdatamodel */;
			path = Model.xcdatamodeld;
			sourceTree = "<group>";
			versionGroupType = wrapper.xcdatamodel;
		};
/* End XCVersionGroup section */
	};
	rootObject = D3DA83071A54AFF00070E792 /* Project object */;
}
